{
  "name": "test-p-map",
  "version": "1.0.0",
  "lockfileVersion": 1,
  "requires": true,
  "dependencies": {
    "aggregate-error": {
      "version": "3.0.0",
      "resolved": "https://registry.npmjs.org/aggregate-error/-/aggregate-error-3.0.0.tgz",
      "integrity": "sha512-yKD9kEoJIR+2IFqhMwayIBgheLYbB3PS2OBhWae1L/ODTd/JF/30cW0bc9TqzRL3k4U41Dieu3BF4I29p8xesA==",
      "requires": {
        "clean-stack": "^2.0.0",
        "indent-string": "^3.2.0"
      }
    },
    "chance": {
      "version": "1.1.0",
      "resolved": "https://registry.npmjs.org/chance/-/chance-1.1.0.tgz",
      "integrity": "sha512-DwT4HVvl1VwZ73lqEyWYtrI59iSERBDfioMhw0gMMNySLMcx7/pzy+JAam3+3WcEH4ITNzwRtuQH4Geyko70gw=="
    },
    "clean-stack": {
      "version": "2.2.0",
      "resolved": "https://registry.npmjs.org/clean-stack/-/clean-stack-2.2.0.tgz",
      "integrity": "sha512-4diC9HaTE+KRAMWhDhrGOECgWZxoevMc5TlkObMqNSsVU62PYzXZ/SMTjzyGAFF1YusgxGcSWTEXBhp0CPwQ1A=="
    },
    "indent-string": {
      "version": "3.2.0",
      "resolved": "https://registry.npmjs.org/indent-string/-/indent-string-3.2.0.tgz",
      "integrity": "sha1-Sl/W0nzDMvN+VBmlBNu4NxBckok="
    },
    "p-map": {
      "version": "3.0.0",
      "resolved": "https://registry.npmjs.org/p-map/-/p-map-3.0.0.tgz",
      "integrity": "sha512-d3qXVTF/s+W+CdJ5A29wywV2n8CQQYahlgz2bFiA+4eVNJbHJodPZ+/gXwPGh0bOqA+j8S+6+ckmvLGPk1QpxQ==",
      "requires": {
        "aggregate-error": "^3.0.0"
      }
    }
  }
}
